
Microsoft Visual Studio Solution File, Format Version 12.00
# Visual Studio Version 16
VisualStudioVersion = 16.0.32002.261
MinimumVisualStudioVersion = 10.0.40219.1
Project("{FAE04EC0-301F-11D3-BF4B-00C04F79EFBC}") = "ExchangeRateWpf", "ExchangeRateWpf\ExchangeRateWpf.csproj", "{F90920BB-7F8F-4B0B-AC70-8424339AB5AB}"
EndProject
Global
	GlobalSection(SolutionConfigurationPlatforms) = preSolution
		Debug|Any CPU = Debug|Any CPU
		Release|Any CPU = Release|Any CPU
	EndGlobalSection
	GlobalSection(ProjectConfigurationPlatforms) = postSolution
		{F90920BB-7F8F-4B0B-AC70-8424339AB5AB}.Debug|Any CPU.ActiveCfg = Debug|Any CPU
		{F90920BB-7F8F-4B0B-AC70-8424339AB5AB}.Debug|Any CPU.Build.0 = Debug|Any CPU
		{F90920BB-7F8F-4B0B-AC70-8424339AB5AB}.Release|Any CPU.ActiveCfg = Release|Any CPU
		{F90920BB-7F8F-4B0B-AC70-8424339AB5AB}.Release|Any CPU.Build.0 = Release|Any CPU
	EndGlobalSection
	GlobalSection(SolutionProperties) = preSolution
		HideSolutionNode = FALSE
	EndGlobalSection
	GlobalSection(ExtensibilityGlobals) = postSolution
		SolutionGuid = {11645CF3-315E-4D78-8AA2-29C6F9E69973}
	EndGlobalSection
EndGlobal
